{
  "requires": true,
  "lockfileVersion": 1,
  "dependencies": {
    "primeng": {
      "version": "11.4.1",
      "resolved": "https://registry.npmjs.org/primeng/-/primeng-11.4.1.tgz",
      "integrity": "sha512-Wr0LCKbUIXwg7B9HgmAInMpnXzYLmeqXFXcpyL67Qqi6i2a4tSm9sYDEkHky/8lKjlCpi5qQb0Y+62BIlGkfYw==",
      "requires": {
        "tslib": "^2.0.0"
      }
    },
    "tslib": {
      "version": "2.2.0",
      "resolved": "https://registry.npmjs.org/tslib/-/tslib-2.2.0.tgz",
      "integrity": "sha512-gS9GVHRU+RGn5KQM2rllAlR3dU6m7AcpJKdtH8gFvQiC4Otgk98XnmMU+nZenHt/+VhnBPWwgrJsyrdcw6i23w=="
    }
  }
}
